openapi: 3.0.3
info:
  title: metadata blocks
  version: 1.0.0
  description: >
    Types that model the standard metadata blocks. Intended to be re-used
    across the "raid" and "raido" stuff.
paths:
  
components:
  schemas:
    IdBlock:
      type: object
      required: [ identifier, identifierSchemeUri,
        identifierRegistrationAgency, identifierOwner, identifierServicePoint ]
      properties:
        identifier: 
          type: string
          description: The identifier of the raid, e.g. https://raid.org.au/102.100.100/zzz
        identifierSchemeURI:
          type: string
          description: > 
            The URI of the Identifier scheme. For example, https://raid.org
        identifierRegistrationAgency:
          type: string
          description: >
            ROR that identifies of the organisation that operates the 
            raid registration agency software that minted this raid.
        identifierOwner:
          type: string
          description: >
            The legal entity responsible for the RAiD; the ‘Owner’ of a RAiD. Analogous to a DataCite ‘Member’, has a 
            legal agreement with the Registration Agency.
        identifierServicePoint:
          type: integer
          format: int64
          description: >
            The Service Point that requested the RAiD. Analogous to a DataCite ‘Repository’. ‘Owners’ can have multiple
            Service Points, and SPs do not need to be legal entities.
        globalUrl:
          type: string
          description: >
            The URL for the raid via the CNRI handle system, e.g 
            https://hdl.handle.net/xxx.yyy/zzz
        raidAgencyUrl:
          type: string
          description: >
            The URL for the raid via the minting raid agency system, e.g 
            https://raid.org.au/10378.1/1695863
      example:
        identifier: https://raid.org/xxx.yyy/zzz
        identifierSchemeUri: https://raid.org
        identifierRegistrationAgency: https://ror.org/038sjwq14
        identifierOwner: https://ror.org/02stey378
        identifierServicePoint: 20000003
        globalUrl: https://hdl.handle.net/xxx.yyy/zzz
        raidAgencyUrl: https://demo.raido-infra.com/handle/10378.1/1695863
        raidAgencyIdentifier: demo.raido-infra.com
    AccessBlock:
      type: object
      required: ["type", ]
      properties:
        type: {$ref: '#/components/schemas/AccessType'}
        accessStatement: {type: string}
    AccessType:
      type: string
      enum: ['Open', 'Closed']
    TitleBlock:
      type: object
      required: [title, type, startDate]
      properties:
        title: {type: string}
        type: {$ref: '#/components/schemas/TitleType'}
        startDate: { type: string, format: date }
        endDate: { type: string, format: date }
    DatesBlock:
      type: object
      required: ["startDate"]
      properties:
        startDate: { type: string, format: date }
        endDate: { type: string, format: date }
    DescriptionBlock:
      type: object
      required: ["description", "type"]
      properties:
        description: {type: string}
        type: {$ref: '#/components/schemas/DescriptionType'}
    AlternateUrlBlock:
      type: object
      required: ["url", ]
      properties:
        url: {type: string}
    SubjectBlock:
      type: object
      properties:
        subject: { type: string }
        subjectSchemeURI: { type: string }
        subjectKeyword: { type: string }
        subjectKeywordLanguage: { type: string }
        subjectLanguageSchemeURI: { type: string }
    TitleType:
      type: string
      enum: ['Primary Title', 'Alternative Title']
    DescriptionType:
      type: string
      enum: ['Primary Description', 'Alternative Description']

